{
  "name": "ngrx-system",
  "version": "0.0.1",
  "lockfileVersion": 1,
  "requires": true,
  "dependencies": {
    "ngrx-store-localstorage": {
      "version": "5.0.1",
      "resolved": "https://registry.npmjs.org/ngrx-store-localstorage/-/ngrx-store-localstorage-5.0.1.tgz",
      "integrity": "sha512-Xdl7ttdkL1u20zUt8zjKlL4O/tua7naMxTT1C3F13QrD6kY4w9aKI8f/0NAjuGgiiHgQOa5NEtth3bwISJsDgg=="
    }
  }
}
